
Microsoft Visual Studio Solution File, Format Version 12.00
# Visual Studio Version 16
VisualStudioVersion = 16.0.31328.270
MinimumVisualStudioVersion = 10.0.40219.1
Project("{FAE04EC0-301F-11D3-BF4B-00C04F79EFBC}") = "AdventOfCode2021", "AdventOfCode2021\AdventOfCode2021.csproj", "{C9E747B1-1F92-43A8-BB75-639C047B92F9}"
EndProject
Global
	GlobalSection(SolutionConfigurationPlatforms) = preSolution
		Debug|Any CPU = Debug|Any CPU
		Release|Any CPU = Release|Any CPU
	EndGlobalSection
	GlobalSection(ProjectConfigurationPlatforms) = postSolution
		{C9E747B1-1F92-43A8-BB75-639C047B92F9}.Debug|Any CPU.ActiveCfg = Debug|Any CPU
		{C9E747B1-1F92-43A8-BB75-639C047B92F9}.Debug|Any CPU.Build.0 = Debug|Any CPU
		{C9E747B1-1F92-43A8-BB75-639C047B92F9}.Release|Any CPU.ActiveCfg = Release|Any CPU
		{C9E747B1-1F92-43A8-BB75-639C047B92F9}.Release|Any CPU.Build.0 = Release|Any CPU
	EndGlobalSection
	GlobalSection(SolutionProperties) = preSolution
		HideSolutionNode = FALSE
	EndGlobalSection
	GlobalSection(ExtensibilityGlobals) = postSolution
		SolutionGuid = {8642C470-9046-4093-9E42-8121B15FA3C1}
	EndGlobalSection
EndGlobal
